
Microsoft Visual Studio Solution File, Format Version 12.00
# Visual Studio Version 16
VisualStudioVersion = 16.0.29926.136
MinimumVisualStudioVersion = 10.0.40219.1
Project("{FAE04EC0-301F-11D3-BF4B-00C04F79EFBC}") = "BooksApi", "BooksApi\BooksApi.csproj", "{20DC157A-62C7-4547-B319-AE6508D9E01B}"
EndProject
Global
	GlobalSection(SolutionConfigurationPlatforms) = preSolution
		Debug|Any CPU = Debug|Any CPU
		Release|Any CPU = Release|Any CPU
	EndGlobalSection
	GlobalSection(ProjectConfigurationPlatforms) = postSolution
		{20DC157A-62C7-4547-B319-AE6508D9E01B}.Debug|Any CPU.ActiveCfg = Debug|Any CPU
		{20DC157A-62C7-4547-B319-AE6508D9E01B}.Debug|Any CPU.Build.0 = Debug|Any CPU
		{20DC157A-62C7-4547-B319-AE6508D9E01B}.Release|Any CPU.ActiveCfg = Release|Any CPU
		{20DC157A-62C7-4547-B319-AE6508D9E01B}.Release|Any CPU.Build.0 = Release|Any CPU
	EndGlobalSection
	GlobalSection(SolutionProperties) = preSolution
		HideSolutionNode = FALSE
	EndGlobalSection
	GlobalSection(ExtensibilityGlobals) = postSolution
		SolutionGuid = {E13A6B5A-65B5-468D-9FE4-2AE21759C068}
	EndGlobalSection
EndGlobal
